Microsoft Visual Studio Solution File, Format Version 11.00
# Visual Studio 2008

Project("{58BE23CD-5BDA-748B-C3A7-E296C8C31969}") = "pacman_test", "Assembly-CSharp-firstpass.csproj", "{2C5B2DB8-BE61-2085-3F14-0B4D3786515B}"
EndProject
Project("{58BE23CD-5BDA-748B-C3A7-E296C8C31969}") = "pacman_test", "Assembly-CSharp.csproj", "{14B25D0E-9475-B0C8-84E4-035883F9F86E}"
EndProject
Project("{58BE23CD-5BDA-748B-C3A7-E296C8C31969}") = "pacman_test", "Assembly-CSharp-Editor.csproj", "{2500DB18-9077-9748-987D-5FFFAD7BE24D}"
EndProject
Global
	GlobalSection(SolutionConfigurationPlatforms) = preSolution
		Debug|Any CPU = Debug|Any CPU
		Release|Any CPU = Release|Any CPU
	EndGlobalSection
	GlobalSection(ProjectConfigurationPlatforms) = postSolution
		{2C5B2DB8-BE61-2085-3F14-0B4D3786515B}.Debug|Any CPU.ActiveCfg = Debug|Any CPU
		{2C5B2DB8-BE61-2085-3F14-0B4D3786515B}.Debug|Any CPU.Build.0 = Debug|Any CPU
		{2C5B2DB8-BE61-2085-3F14-0B4D3786515B}.Release|Any CPU.ActiveCfg = Release|Any CPU
		{2C5B2DB8-BE61-2085-3F14-0B4D3786515B}.Release|Any CPU.Build.0 = Release|Any CPU
		{14B25D0E-9475-B0C8-84E4-035883F9F86E}.Debug|Any CPU.ActiveCfg = Debug|Any CPU
		{14B25D0E-9475-B0C8-84E4-035883F9F86E}.Debug|Any CPU.Build.0 = Debug|Any CPU
		{14B25D0E-9475-B0C8-84E4-035883F9F86E}.Release|Any CPU.ActiveCfg = Release|Any CPU
		{14B25D0E-9475-B0C8-84E4-035883F9F86E}.Release|Any CPU.Build.0 = Release|Any CPU
		{2500DB18-9077-9748-987D-5FFFAD7BE24D}.Debug|Any CPU.ActiveCfg = Debug|Any CPU
		{2500DB18-9077-9748-987D-5FFFAD7BE24D}.Debug|Any CPU.Build.0 = Debug|Any CPU
		{2500DB18-9077-9748-987D-5FFFAD7BE24D}.Release|Any CPU.ActiveCfg = Release|Any CPU
		{2500DB18-9077-9748-987D-5FFFAD7BE24D}.Release|Any CPU.Build.0 = Release|Any CPU
	EndGlobalSection
	GlobalSection(SolutionProperties) = preSolution
		HideSolutionNode = FALSE
	EndGlobalSection
	GlobalSection(MonoDevelopProperties) = preSolution
		StartupItem = Assembly-CSharp.csproj
	EndGlobalSection
EndGlobal
